
Microsoft Visual Studio Solution File, Format Version 12.00
# Visual Studio Version 16
VisualStudioVersion = 16.0.31515.178
MinimumVisualStudioVersion = 10.0.40219.1
Project("{FAE04EC0-301F-11D3-BF4B-00C04F79EFBC}") = "MiniLayihe(1)", "MiniLayihe(1)\MiniLayihe(1).csproj", "{66CBF2C1-D62A-4588-95E3-77F066C42448}"
EndProject
Global
	GlobalSection(SolutionConfigurationPlatforms) = preSolution
		Debug|Any CPU = Debug|Any CPU
		Release|Any CPU = Release|Any CPU
	EndGlobalSection
	GlobalSection(ProjectConfigurationPlatforms) = postSolution
		{66CBF2C1-D62A-4588-95E3-77F066C42448}.Debug|Any CPU.ActiveCfg = Debug|Any CPU
		{66CBF2C1-D62A-4588-95E3-77F066C42448}.Debug|Any CPU.Build.0 = Debug|Any CPU
		{66CBF2C1-D62A-4588-95E3-77F066C42448}.Release|Any CPU.ActiveCfg = Release|Any CPU
		{66CBF2C1-D62A-4588-95E3-77F066C42448}.Release|Any CPU.Build.0 = Release|Any CPU
	EndGlobalSection
	GlobalSection(SolutionProperties) = preSolution
		HideSolutionNode = FALSE
	EndGlobalSection
	GlobalSection(ExtensibilityGlobals) = postSolution
		SolutionGuid = {09CE4D20-D5CB-42EB-82AC-90F23B293413}
	EndGlobalSection
EndGlobal
